
Microsoft Visual Studio Solution File, Format Version 12.00
# Visual Studio 15
VisualStudioVersion = 15.0.26430.14
MinimumVisualStudioVersion = 10.0.40219.1
Project("{2150E333-8FDC-42A3-9474-1A3956D46DE8}") = "src", "src", "{600446C9-F807-4B19-807C-DDDE625CE558}"
EndProject
Project("{9A19103F-16F7-4668-BE54-9A1E7A4F7556}") = "CoreRCON", "src\CoreRCON\CoreRCON.csproj", "{CDFCA475-8F06-424B-9CF7-7D1E5D21F6D5}"
EndProject
Project("{9A19103F-16F7-4668-BE54-9A1E7A4F7556}") = "Tests", "src\RconTest\Tests.csproj", "{988E8596-4A7A-4641-8ED1-7F2E5BB523E8}"
EndProject
Project("{9A19103F-16F7-4668-BE54-9A1E7A4F7556}") = "RconShell", "src\RconShell\RconShell.csproj", "{D5734C9E-0823-40E2-B214-FC063ACB1A95}"
EndProject
Global
	GlobalSection(SolutionConfigurationPlatforms) = preSolution
		Debug|Any CPU = Debug|Any CPU
		Release|Any CPU = Release|Any CPU
	EndGlobalSection
	GlobalSection(ProjectConfigurationPlatforms) = postSolution
		{CDFCA475-8F06-424B-9CF7-7D1E5D21F6D5}.Debug|Any CPU.ActiveCfg = Debug|Any CPU
		{CDFCA475-8F06-424B-9CF7-7D1E5D21F6D5}.Debug|Any CPU.Build.0 = Debug|Any CPU
		{CDFCA475-8F06-424B-9CF7-7D1E5D21F6D5}.Release|Any CPU.ActiveCfg = Release|Any CPU
		{CDFCA475-8F06-424B-9CF7-7D1E5D21F6D5}.Release|Any CPU.Build.0 = Release|Any CPU
		{988E8596-4A7A-4641-8ED1-7F2E5BB523E8}.Debug|Any CPU.ActiveCfg = Debug|Any CPU
		{988E8596-4A7A-4641-8ED1-7F2E5BB523E8}.Debug|Any CPU.Build.0 = Debug|Any CPU
		{988E8596-4A7A-4641-8ED1-7F2E5BB523E8}.Release|Any CPU.ActiveCfg = Release|Any CPU
		{988E8596-4A7A-4641-8ED1-7F2E5BB523E8}.Release|Any CPU.Build.0 = Release|Any CPU
		{D5734C9E-0823-40E2-B214-FC063ACB1A95}.Debug|Any CPU.ActiveCfg = Debug|Any CPU
		{D5734C9E-0823-40E2-B214-FC063ACB1A95}.Debug|Any CPU.Build.0 = Debug|Any CPU
		{D5734C9E-0823-40E2-B214-FC063ACB1A95}.Release|Any CPU.ActiveCfg = Release|Any CPU
		{D5734C9E-0823-40E2-B214-FC063ACB1A95}.Release|Any CPU.Build.0 = Release|Any CPU
	EndGlobalSection
	GlobalSection(SolutionProperties) = preSolution
		HideSolutionNode = FALSE
	EndGlobalSection
	GlobalSection(NestedProjects) = preSolution
		{CDFCA475-8F06-424B-9CF7-7D1E5D21F6D5} = {600446C9-F807-4B19-807C-DDDE625CE558}
		{988E8596-4A7A-4641-8ED1-7F2E5BB523E8} = {600446C9-F807-4B19-807C-DDDE625CE558}
		{D5734C9E-0823-40E2-B214-FC063ACB1A95} = {600446C9-F807-4B19-807C-DDDE625CE558}
	EndGlobalSection
	GlobalSection(ExtensibilityGlobals) = postSolution
		SolutionGuid = {FD0B7DCD-27AE-4933-8A40-612FF87C36DB}
	EndGlobalSection
EndGlobal
